
Microsoft Visual Studio Solution File, Format Version 12.00
# Visual Studio Version 17
VisualStudioVersion = 17.3.32811.315
MinimumVisualStudioVersion = 10.0.40219.1
Project("{FAE04EC0-301F-11D3-BF4B-00C04F79EFBC}") = "MethodOverloading", "MethodOverloading\MethodOverloading.csproj", "{D288E6CD-8791-4FC2-B3D9-5CEC98938252}"
EndProject
Global
	GlobalSection(SolutionConfigurationPlatforms) = preSolution
		Debug|Any CPU = Debug|Any CPU
		Release|Any CPU = Release|Any CPU
	EndGlobalSection
	GlobalSection(ProjectConfigurationPlatforms) = postSolution
		{D288E6CD-8791-4FC2-B3D9-5CEC98938252}.Debug|Any CPU.ActiveCfg = Debug|Any CPU
		{D288E6CD-8791-4FC2-B3D9-5CEC98938252}.Debug|Any CPU.Build.0 = Debug|Any CPU
		{D288E6CD-8791-4FC2-B3D9-5CEC98938252}.Release|Any CPU.ActiveCfg = Release|Any CPU
		{D288E6CD-8791-4FC2-B3D9-5CEC98938252}.Release|Any CPU.Build.0 = Release|Any CPU
	EndGlobalSection
	GlobalSection(SolutionProperties) = preSolution
		HideSolutionNode = FALSE
	EndGlobalSection
	GlobalSection(ExtensibilityGlobals) = postSolution
		SolutionGuid = {C0986AB7-381F-4400-B221-78DBF4B28CBD}
	EndGlobalSection
EndGlobal
